// !$*UTF8*$!
{
	archiveVersion = 1;
	classes = {
	};
	objectVersion = 48;
	objects = {

/* Begin PBXBuildFile section */
		A7242353272E8B8700F93F24 /* images.png in Resources */ = {isa = PBXBuildFile; fileRef = A7242352272E8B8700F93F24 /* images.png */; };
		A7CD64C8272975450088DDE2 /* AppDelegate.swift in Sources */ = {isa = PBXBuildFile; fileRef = A7CD64C7272975450088DDE2 /* AppDelegate.swift */; };
		A7CD64CA272975450088DDE2 /* ViewController.swift in Sources */ = {isa = PBXBuildFile; fileRef = A7CD64C9272975450088DDE2 /* ViewController.swift */; };
		A7CD64CD272975450088DDE2 /* Main.storyboard in Resources */ = {isa = PBXBuildFile; fileRef = A7CD64CB272975450088DDE2 /* Main.storyboard */; };
		A7CD64D0272975450088DDE2 /* inft3033_assignment2.xcdatamodeld in Sources */ = {isa = PBXBuildFile; fileRef = A7CD64CE272975450088DDE2 /* inft3033_assignment2.xcdatamodeld */; };
		A7CD64D2272975450088DDE2 /* Assets.xcassets in Resources */ = {isa = PBXBuildFile; fileRef = A7CD64D1272975450088DDE2 /* Assets.xcassets */; };
		A7CD64D5272975450088DDE2 /* LaunchScreen.storyboard in Resources */ = {isa = PBXBuildFile; fileRef = A7CD64D3272975450088DDE2 /* LaunchScreen.storyboard */; };
/* End PBXBuildFile section */

/* Begin PBXFileReference section */
		A7242352272E8B8700F93F24 /* images.png */ = {isa = PBXFileReference; lastKnownFileType = image.png; path = images.png; sourceTree = "<group>"; };
		A7CD64C4272975450088DDE2 /* inft3033.assignment2.app */ = {isa = PBXFileReference; explicitFileType = wrapper.application; includeInIndex = 0; path = inft3033.assignment2.app; sourceTree = BUILT_PRODUCTS_DIR; };
		A7CD64C7272975450088DDE2 /* AppDelegate.swift */ = {isa = PBXFileReference; lastKnownFileType = sourcecode.swift; path = AppDelegate.swift; sourceTree = "<group>"; };
		A7CD64C9272975450088DDE2 /* ViewController.swift */ = {isa = PBXFileReference; lastKnownFileType = sourcecode.swift; path = ViewController.swift; sourceTree = "<group>"; };
		A7CD64CC272975450088DDE2 /* Base */ = {isa = PBXFileReference; lastKnownFileType = file.storyboard; name = Base; path = Base.lproj/Main.storyboard; sourceTree = "<group>"; };
		A7CD64CF272975450088DDE2 /* inft3033_assignment2.xcdatamodel */ = {isa = PBXFileReference; lastKnownFileType = wrapper.xcdatamodel; path = inft3033_assignment2.xcdatamodel; sourceTree = "<group>"; };
		A7CD64D1272975450088DDE2 /* Assets.xcassets */ = {isa = PBXFileReference; lastKnownFileType = folder.assetcatalog; path = Assets.xcassets; sourceTree = "<group>"; };
		A7CD64D4272975450088DDE2 /* Base */ = {isa = PBXFileReference; lastKnownFileType = file.storyboard; name = Base; path = Base.lproj/LaunchScreen.storyboard; sourceTree = "<group>"; };
		A7CD64D6272975450088DDE2 /* Info.plist */ = {isa = PBXFileReference; lastKnownFileType = text.plist.xml; path = Info.plist; sourceTree = "<group>"; };
/* End PBXFileReference section */

/* Begin PBXFrameworksBuildPhase section */
		A7CD64C1272975450088DDE2 /* Frameworks */ = {
			isa = PBXFrameworksBuildPhase;
			buildActionMask = 2147483647;
			files = (
			);
			runOnlyForDeploymentPostprocessing = 0;
		};
/* End PBXFrameworksBuildPhase section */

/* Begin PBXGroup section */
		A7242351272E8B7A00F93F24 /* Resources */ = {
			isa = PBXGroup;
			children = (
				A7242352272E8B8700F93F24 /* images.png */,
			);
			path = Resources;
			sourceTree = "<group>";
		};
		A7CD64BB272975450088DDE2 = {
			isa = PBXGroup;
			children = (
				A7CD64C6272975450088DDE2 /* inft3033.assignment2 */,
				A7CD64C5272975450088DDE2 /* Products */,
			);
			sourceTree = "<group>";
		};
		A7CD64C5272975450088DDE2 /* Products */ = {
			isa = PBXGroup;
			children = (
				A7CD64C4272975450088DDE2 /* inft3033.assignment2.app */,
			);
			name = Products;
			sourceTree = "<group>";
		};
		A7CD64C6272975450088DDE2 /* inft3033.assignment2 */ = {
			isa = PBXGroup;
			children = (
				A7242351272E8B7A00F93F24 /* Resources */,
				A7CD64C7272975450088DDE2 /* AppDelegate.swift */,
				A7CD64C9272975450088DDE2 /* ViewController.swift */,
				A7CD64CB272975450088DDE2 /* Main.storyboard */,
				A7CD64D1272975450088DDE2 /* Assets.xcassets */,
				A7CD64D3272975450088DDE2 /* LaunchScreen.storyboard */,
				A7CD64D6272975450088DDE2 /* Info.plist */,
				A7CD64CE272975450088DDE2 /* inft3033_assignment2.xcdatamodeld */,
			);
			path = inft3033.assignment2;
			sourceTree = "<group>";
		};
/* End PBXGroup section */

/* Begin PBXNativeTarget section */
		A7CD64C3272975450088DDE2 /* inft3033.assignment2 */ = {
			isa = PBXNativeTarget;
			buildConfigurationList = A7CD64D9272975450088DDE2 /* Build configuration list for PBXNativeTarget "inft3033.assignment2" */;
			buildPhases = (
				A7CD64C0272975450088DDE2 /* Sources */,
				A7CD64C1272975450088DDE2 /* Frameworks */,
				A7CD64C2272975450088DDE2 /* Resources */,
			);
			buildRules = (
			);
			dependencies = (
			);
			name = inft3033.assignment2;
			productName = inft3033.assignment2;
			productReference = A7CD64C4272975450088DDE2 /* inft3033.assignment2.app */;
			productType = "com.apple.product-type.application";
		};
/* End PBXNativeTarget section */

/* Begin PBXProject section */
		A7CD64BC272975450088DDE2 /* Project object */ = {
			isa = PBXProject;
			attributes = {
				LastSwiftUpdateCheck = 0920;
				LastUpgradeCheck = 0920;
				ORGANIZATIONNAME = "Oliver Mitchell";
				TargetAttributes = {
					A7CD64C3272975450088DDE2 = {
						CreatedOnToolsVersion = 9.2;
						ProvisioningStyle = Automatic;
					};
				};
			};
			buildConfigurationList = A7CD64BF272975450088DDE2 /* Build configuration list for PBXProject "inft3033.assignment2" */;
			compatibilityVersion = "Xcode 8.0";
			developmentRegion = en;
			hasScannedForEncodings = 0;
			knownRegions = (
				en,
				Base,
			);
			mainGroup = A7CD64BB272975450088DDE2;
			productRefGroup = A7CD64C5272975450088DDE2 /* Products */;
			projectDirPath = "";
			projectRoot = "";
			targets = (
				A7CD64C3272975450088DDE2 /* inft3033.assignment2 */,
			);
		};
/* End PBXProject section */

/* Begin PBXResourcesBuildPhase section */
		A7CD64C2272975450088DDE2 /* Resources */ = {
			isa = PBXResourcesBuildPhase;
			buildActionMask = 2147483647;
			files = (
				A7CD64D5272975450088DDE2 /* LaunchScreen.storyboard in Resources */,
				A7CD64D2272975450088DDE2 /* Assets.xcassets in Resources */,
				A7CD64CD272975450088DDE2 /* Main.storyboard in Resources */,
				A7242353272E8B8700F93F24 /* images.png in Resources */,
			);
			runOnlyForDeploymentPostprocessing = 0;
		};
/* End PBXResourcesBuildPhase section */

/* Begin PBXSourcesBuildPhase section */
		A7CD64C0272975450088DDE2 /* Sources */ = {
			isa = PBXSourcesBuildPhase;
			buildActionMask = 2147483647;
			files = (
				A7CD64CA272975450088DDE2 /* ViewController.swift in Sources */,
				A7CD64C8272975450088DDE2 /* AppDelegate.swift in Sources */,
				A7CD64D0272975450088DDE2 /* inft3033_assignment2.xcdatamodeld in Sources */,
			);
			runOnlyForDeploymentPostprocessing = 0;
		};
/* End PBXSourcesBuildPhase section */

/* Begin PBXVariantGroup section */
		A7CD64CB272975450088DDE2 /* Main.storyboard */ = {
			isa = PBXVariantGroup;
			children = (
				A7CD64CC272975450088DDE2 /* Base */,
			);
			name = Main.storyboard;
			sourceTree = "<group>";
		};
		A7CD64D3272975450088DDE2 /* LaunchScreen.storyboard */ = {
			isa = PBXVariantGroup;
			children = (
				A7CD64D4272975450088DDE2 /* Base */,
			);
			name = LaunchScreen.storyboard;
			sourceTree = "<group>";
		};
/* End PBXVariantGroup section */

/* Begin XCBuildConfiguration section */
		A7CD64D7272975450088DDE2 /* Debug */ = {
			isa = XCBuildConfiguration;
			buildSettings = {
				ALWAYS_SEARCH_USER_PATHS = NO;
				CLANG_ANALYZER_NONNULL = YES;
				CLANG_ANALYZER_NUMBER_OBJECT_CONVERSION = YES_AGGRESSIVE;
				CLANG_CXX_LANGUAGE_STANDARD = "gnu++14";
				CLANG_CXX_LIBRARY = "libc++";
				CLANG_ENABLE_MODULES = YES;
				CLANG_ENABLE_OBJC_ARC = YES;
				CLANG_WARN_BLOCK_CAPTURE_AUTORELEASING = YES;
				CLANG_WARN_BOOL_CONVERSION = YES;
				CLANG_WARN_COMMA = YES;
				CLANG_WARN_CONSTANT_CONVERSION = YES;
				CLANG_WARN_DIRECT_OBJC_ISA_USAGE = YES_ERROR;
				CLANG_WARN_DOCUMENTATION_COMMENTS = YES;
				CLANG_WARN_EMPTY_BODY = YES;
				CLANG_WARN_ENUM_CONVERSION = YES;
				CLANG_WARN_INFINITE_RECURSION = YES;
				CLANG_WARN_INT_CONVERSION = YES;
				CLANG_WARN_NON_LITERAL_NULL_CONVERSION = YES;
				CLANG_WARN_OBJC_LITERAL_CONVERSION = YES;
				CLANG_WARN_OBJC_ROOT_CLASS = YES_ERROR;
				CLANG_WARN_RANGE_LOOP_ANALYSIS = YES;
				CLANG_WARN_STRICT_PROTOTYPES = YES;
				CLANG_WARN_SUSPICIOUS_MOVE = YES;
				CLANG_WARN_UNGUARDED_AVAILABILITY = YES_AGGRESSIVE;
				CLANG_WARN_UNREACHABLE_CODE = YES;
				CLANG_WARN__DUPLICATE_METHOD_MATCH = YES;
				CODE_SIGN_IDENTITY = "iPhone Developer";
				COPY_PHASE_STRIP = NO;
				DEBUG_INFORMATION_FORMAT = dwarf;
				ENABLE_STRICT_OBJC_MSGSEND = YES;
				ENABLE_TESTABILITY = YES;
				GCC_C_LANGUAGE_STANDARD = gnu11;
				GCC_DYNAMIC_NO_PIC = NO;
				GCC_NO_COMMON_BLOCKS = YES;
				GCC_OPTIMIZATION_LEVEL = 0;
				GCC_PREPROCESSOR_DEFINITIONS = (
					"DEBUG=1",
					"$(inherited)",
				);
				GCC_WARN_64_TO_32_BIT_CONVERSION = YES;
				GCC_WARN_ABOUT_RETURN_TYPE = YES_ERROR;
				GCC_WARN_UNDECLARED_SELECTOR = YES;
				GCC_WARN_UNINITIALIZED_AUTOS = YES_AGGRESSIVE;
				GCC_WARN_UNUSED_FUNCTION = YES;
				GCC_WARN_UNUSED_VARIABLE = YES;
				IPHONEOS_DEPLOYMENT_TARGET = 11.2;
				MTL_ENABLE_DEBUG_INFO = YES;
				ONLY_ACTIVE_ARCH = YES;
				SDKROOT = iphoneos;
				SWIFT_ACTIVE_COMPILATION_CONDITIONS = DEBUG;
				SWIFT_OPTIMIZATION_LEVEL = "-Onone";
			};
			name = Debug;
		};
		A7CD64D8272975450088DDE2 /* Release */ = {
			isa = XCBuildConfiguration;
			buildSettings = {
				ALWAYS_SEARCH_USER_PATHS = NO;
				CLANG_ANALYZER_NONNULL = YES;
				CLANG_ANALYZER_NUMBER_OBJECT_CONVERSION = YES_AGGRESSIVE;
				CLANG_CXX_LANGUAGE_STANDARD = "gnu++14";
				CLANG_CXX_LIBRARY = "libc++";
				CLANG_ENABLE_MODULES = YES;
				CLANG_ENABLE_OBJC_ARC = YES;
				CLANG_WARN_BLOCK_CAPTURE_AUTORELEASING = YES;
				CLANG_WARN_BOOL_CONVERSION = YES;
				CLANG_WARN_COMMA = YES;
				CLANG_WARN_CONSTANT_CONVERSION = YES;
				CLANG_WARN_DIRECT_OBJC_ISA_USAGE = YES_ERROR;
				CLANG_WARN_DOCUMENTATION_COMMENTS = YES;
				CLANG_WARN_EMPTY_BODY = YES;
				CLANG_WARN_ENUM_CONVERSION = YES;
				CLANG_WARN_INFINITE_RECURSION = YES;
				CLANG_WARN_INT_CONVERSION = YES;
				CLANG_WARN_NON_LITERAL_NULL_CONVERSION = YES;
				CLANG_WARN_OBJC_LITERAL_CONVERSION = YES;
				CLANG_WARN_OBJC_ROOT_CLASS = YES_ERROR;
				CLANG_WARN_RANGE_LOOP_ANALYSIS = YES;
				CLANG_WARN_STRICT_PROTOTYPES = YES;
				CLANG_WARN_SUSPICIOUS_MOVE = YES;
				CLANG_WARN_UNGUARDED_AVAILABILITY = YES_AGGRESSIVE;
				CLANG_WARN_UNREACHABLE_CODE = YES;
				CLANG_WARN__DUPLICATE_METHOD_MATCH = YES;
				CODE_SIGN_IDENTITY = "iPhone Developer";
				COPY_PHASE_STRIP = NO;
				DEBUG_INFORMATION_FORMAT = "dwarf-with-dsym";
				ENABLE_NS_ASSERTIONS = NO;
				ENABLE_STRICT_OBJC_MSGSEND = YES;
				GCC_C_LANGUAGE_STANDARD = gnu11;
				GCC_NO_COMMON_BLOCKS = YES;
				GCC_WARN_64_TO_32_BIT_CONVERSION = YES;
				GCC_WARN_ABOUT_RETURN_TYPE = YES_ERROR;
				GCC_WARN_UNDECLARED_SELECTOR = YES;
				GCC_WARN_UNINITIALIZED_AUTOS = YES_AGGRESSIVE;
				GCC_WARN_UNUSED_FUNCTION = YES;
				GCC_WARN_UNUSED_VARIABLE = YES;
				IPHONEOS_DEPLOYMENT_TARGET = 11.2;
				MTL_ENABLE_DEBUG_INFO = NO;
				SDKROOT = iphoneos;
				SWIFT_OPTIMIZATION_LEVEL = "-Owholemodule";
				VALIDATE_PRODUCT = YES;
			};
			name = Release;
		};
		A7CD64DA272975450088DDE2 /* Debug */ = {
			isa = XCBuildConfiguration;
			buildSettings = {
				ASSETCATALOG_COMPILER_APPICON_NAME = AppIcon;
				CODE_SIGN_STYLE = Automatic;
				DEVELOPMENT_TEAM = GHPE2W7RHB;
				INFOPLIST_FILE = inft3033.assignment2/Info.plist;
				LD_RUNPATH_SEARCH_PATHS = "$(inherited) @executable_path/Frameworks";
				PRODUCT_BUNDLE_IDENTIFIER = "unisa.inft3033-assignment2";
				PRODUCT_NAME = "$(TARGET_NAME)";
				SWIFT_VERSION = 4.0;
				TARGETED_DEVICE_FAMILY = "1,2";
			};
			name = Debug;
		};
		A7CD64DB272975450088DDE2 /* Release */ = {
			isa = XCBuildConfiguration;
			buildSettings = {
				ASSETCATALOG_COMPILER_APPICON_NAME = AppIcon;
				CODE_SIGN_STYLE = Automatic;
				DEVELOPMENT_TEAM = GHPE2W7RHB;
				INFOPLIST_FILE = inft3033.assignment2/Info.plist;
				LD_RUNPATH_SEARCH_PATHS = "$(inherited) @executable_path/Frameworks";
				PRODUCT_BUNDLE_IDENTIFIER = "unisa.inft3033-assignment2";
				PRODUCT_NAME = "$(TARGET_NAME)";
				SWIFT_VERSION = 4.0;
				TARGETED_DEVICE_FAMILY = "1,2";
			};
			name = Release;
		};
/* End XCBuildConfiguration section */

/* Begin XCConfigurationList section */
		A7CD64BF272975450088DDE2 /* Build configuration list for PBXProject "inft3033.assignment2" */ = {
			isa = XCConfigurationList;
			buildConfigurations = (
				A7CD64D7272975450088DDE2 /* Debug */,
				A7CD64D8272975450088DDE2 /* Release */,
			);
			defaultConfigurationIsVisible = 0;
			defaultConfigurationName = Release;
		};
		A7CD64D9272975450088DDE2 /* Build configuration list for PBXNativeTarget "inft3033.assignment2" */ = {
			isa = XCConfigurationList;
			buildConfigurations = (
				A7CD64DA272975450088DDE2 /* Debug */,
				A7CD64DB272975450088DDE2 /* Release */,
			);
			defaultConfigurationIsVisible = 0;
			defaultConfigurationName = Release;
		};
/* End XCConfigurationList section */

/* Begin XCVersionGroup section */
		A7CD64CE272975450088DDE2 /* inft3033_assignment2.xcdatamodeld */ = {
			isa = XCVersionGroup;
			children = (
				A7CD64CF272975450088DDE2 /* inft3033_assignment2.xcdatamodel */,
			);
			currentVersion = A7CD64CF272975450088DDE2 /* inft3033_assignment2.xcdatamodel */;
			path = inft3033_assignment2.xcdatamodeld;
			sourceTree = "<group>";
			versionGroupType = wrapper.xcdatamodel;
		};
/* End XCVersionGroup section */
	};
	rootObject = A7CD64BC272975450088DDE2 /* Project object */;
}
